
Microsoft Visual Studio Solution File, Format Version 12.00
# Visual Studio Version 17
VisualStudioVersion = 17.9.34728.123
MinimumVisualStudioVersion = 10.0.40219.1
Project("{FAE04EC0-301F-11D3-BF4B-00C04F79EFBC}") = "ejercicioADO", "ejercicioADO\ejercicioADO.csproj", "{19DA49A1-393E-4C01-B499-898327679541}"
EndProject
Global
	GlobalSection(SolutionConfigurationPlatforms) = preSolution
		Debug|Any CPU = Debug|Any CPU
		Release|Any CPU = Release|Any CPU
	EndGlobalSection
	GlobalSection(ProjectConfigurationPlatforms) = postSolution
		{19DA49A1-393E-4C01-B499-898327679541}.Debug|Any CPU.ActiveCfg = Debug|Any CPU
		{19DA49A1-393E-4C01-B499-898327679541}.Debug|Any CPU.Build.0 = Debug|Any CPU
		{19DA49A1-393E-4C01-B499-898327679541}.Release|Any CPU.ActiveCfg = Release|Any CPU
		{19DA49A1-393E-4C01-B499-898327679541}.Release|Any CPU.Build.0 = Release|Any CPU
	EndGlobalSection
	GlobalSection(SolutionProperties) = preSolution
		HideSolutionNode = FALSE
	EndGlobalSection
	GlobalSection(ExtensibilityGlobals) = postSolution
		SolutionGuid = {BFBB8683-5DE8-46CB-811D-2D5A8DF2E8D8}
	EndGlobalSection
EndGlobal
